
Microsoft Visual Studio Solution File, Format Version 12.00
# Visual Studio Version 17
VisualStudioVersion = 17.1.32228.430
MinimumVisualStudioVersion = 10.0.40219.1
Project("{FAE04EC0-301F-11D3-BF4B-00C04F79EFBC}") = "ResponsiPemrograman1532", "ResponsiPemrograman1532\ResponsiPemrograman1532.csproj", "{75353D19-0F5D-42B7-9946-291B59DF1BDF}"
EndProject
Global
	GlobalSection(SolutionConfigurationPlatforms) = preSolution
		Debug|Any CPU = Debug|Any CPU
		Release|Any CPU = Release|Any CPU
	EndGlobalSection
	GlobalSection(ProjectConfigurationPlatforms) = postSolution
		{75353D19-0F5D-42B7-9946-291B59DF1BDF}.Debug|Any CPU.ActiveCfg = Debug|Any CPU
		{75353D19-0F5D-42B7-9946-291B59DF1BDF}.Debug|Any CPU.Build.0 = Debug|Any CPU
		{75353D19-0F5D-42B7-9946-291B59DF1BDF}.Release|Any CPU.ActiveCfg = Release|Any CPU
		{75353D19-0F5D-42B7-9946-291B59DF1BDF}.Release|Any CPU.Build.0 = Release|Any CPU
	EndGlobalSection
	GlobalSection(SolutionProperties) = preSolution
		HideSolutionNode = FALSE
	EndGlobalSection
	GlobalSection(ExtensibilityGlobals) = postSolution
		SolutionGuid = {47F74F43-D2A5-4417-B433-33054DBD65E3}
	EndGlobalSection
EndGlobal
